
Microsoft Visual Studio Solution File, Format Version 12.00
# Visual Studio Version 17
VisualStudioVersion = 17.5.2.0
MinimumVisualStudioVersion = 10.0.40219.1
Project("{2150E333-8FDC-42A3-9474-1A3956D46DE8}") = "Aulas", "Aulas", "{4FECCC84-D217-E75D-91E1-4C260E7F63EA}"
EndProject
Project("{2150E333-8FDC-42A3-9474-1A3956D46DE8}") = "BeeCrowd", "BeeCrowd", "{CA019F14-7EA1-782F-C59A-05D5B3648440}"
EndProject
Project("{2150E333-8FDC-42A3-9474-1A3956D46DE8}") = "Exercícios", "Exercícios", "{DDD6F0DA-B457-3620-0E24-CE6CDF826227}"
EndProject
Project("{FAE04EC0-301F-11D3-BF4B-00C04F79EFBC}") = "filaManual", "Aulas\filaManual\filaManual.csproj", "{FB58127E-877B-600A-7C57-FD293660DE82}"
EndProject
Project("{FAE04EC0-301F-11D3-BF4B-00C04F79EFBC}") = "filaQueue", "Aulas\filaQueue\filaQueue.csproj", "{6C909456-356E-5DD1-EFFF-141CD9605D71}"
EndProject
Project("{FAE04EC0-301F-11D3-BF4B-00C04F79EFBC}") = "listaDinamica", "Aulas\listaDinamica\listaDinamica.csproj", "{D55F4848-AF63-9CC7-0856-F65D3DDEA169}"
EndProject
Project("{FAE04EC0-301F-11D3-BF4B-00C04F79EFBC}") = "listaEstatica", "Aulas\listaEstatica\listaEstatica.csproj", "{8CD689C5-8E38-8101-7CAF-866D08D28583}"
EndProject
Project("{FAE04EC0-301F-11D3-BF4B-00C04F79EFBC}") = "pilhaManual", "Aulas\pilhaManual\pilhaManual.csproj", "{3671D41C-1CA4-AC91-1A4A-58827889EC15}"
EndProject
Project("{FAE04EC0-301F-11D3-BF4B-00C04F79EFBC}") = "pilhaStack", "Aulas\pilhaStack\pilhaStack.csproj", "{CBCBC345-FCBE-3614-B9F4-4BEFB6C7179E}"
EndProject
Project("{FAE04EC0-301F-11D3-BF4B-00C04F79EFBC}") = "balanco", "BeeCrowd\balanco\balanco.csproj", "{EBDA38E4-4B22-CC65-3083-451278E88854}"
EndProject
Project("{FAE04EC0-301F-11D3-BF4B-00C04F79EFBC}") = "diamantes", "BeeCrowd\diamantes\diamantes.csproj", "{51DCDF23-5751-BB25-C8A7-CC30F45E94C6}"
EndProject
Project("{FAE04EC0-301F-11D3-BF4B-00C04F79EFBC}") = "infixa", "BeeCrowd\infixa\infixa.csproj", "{F6CBF183-9929-7F9D-480D-8E52AB38EAB7}"
EndProject
Project("{FAE04EC0-301F-11D3-BF4B-00C04F79EFBC}") = "menorPilha", "BeeCrowd\menorPilha\menorPilha.csproj", "{440D0251-F7CF-1D96-D5F8-96DDA35F82AF}"
EndProject
Project("{FAE04EC0-301F-11D3-BF4B-00C04F79EFBC}") = "trilhos", "BeeCrowd\trilhos\trilhos.csproj", "{9B745AF6-E58A-89CD-52BD-15E76BCE4C58}"
EndProject
Project("{2150E333-8FDC-42A3-9474-1A3956D46DE8}") = "revisão", "revisão", "{624F97E3-320F-3CCA-E030-F3B5C1B76C34}"
EndProject
Project("{2150E333-8FDC-42A3-9474-1A3956D46DE8}") = "matrizes", "matrizes", "{5864170A-28B2-637D-A83F-FFDB0513A74C}"
EndProject
Project("{FAE04EC0-301F-11D3-BF4B-00C04F79EFBC}") = "1", "Exercícios\revisão\matrizes\1\1.csproj", "{6049E8CC-3BCB-8D90-079A-A8BE68E22A66}"
EndProject
Project("{FAE04EC0-301F-11D3-BF4B-00C04F79EFBC}") = "2", "Exercícios\revisão\matrizes\2\2.csproj", "{44F261BF-4357-D991-0A7A-8AC236C4282C}"
EndProject
Project("{FAE04EC0-301F-11D3-BF4B-00C04F79EFBC}") = "3", "Exercícios\revisão\matrizes\3\3.csproj", "{B6032573-2D99-F785-7489-BB75ACD78BBE}"
EndProject
Project("{FAE04EC0-301F-11D3-BF4B-00C04F79EFBC}") = "4", "Exercícios\revisão\matrizes\4\4.csproj", "{51575EE9-431C-FFD8-7E42-B5E3C2050B41}"
EndProject
Project("{FAE04EC0-301F-11D3-BF4B-00C04F79EFBC}") = "5", "Exercícios\revisão\matrizes\5\5.csproj", "{AD676CCD-229A-7EF7-B193-3EE9F3FB6147}"
EndProject
Project("{FAE04EC0-301F-11D3-BF4B-00C04F79EFBC}") = "6", "Exercícios\revisão\matrizes\6\6.csproj", "{BBF68686-2C84-43CA-1A58-96D070E36BBA}"
EndProject
Project("{FAE04EC0-301F-11D3-BF4B-00C04F79EFBC}") = "7", "Exercícios\revisão\matrizes\7\7.csproj", "{5D138BF5-EB39-1DFE-9A72-05BE032634C8}"
EndProject
Project("{2150E333-8FDC-42A3-9474-1A3956D46DE8}") = "vetores", "vetores", "{9ECE2F26-5E38-2737-4B16-05B256AAF376}"
EndProject
Project("{FAE04EC0-301F-11D3-BF4B-00C04F79EFBC}") = "1", "Exercícios\revisão\vetores\1\1.csproj", "{83ABC70A-95EA-C3EE-CA64-78E453CFE011}"
EndProject
Project("{FAE04EC0-301F-11D3-BF4B-00C04F79EFBC}") = "2", "Exercícios\revisão\vetores\2\2.csproj", "{8297BBAB-F613-431C-9748-48B5EADB0AB2}"
EndProject
Project("{FAE04EC0-301F-11D3-BF4B-00C04F79EFBC}") = "3", "Exercícios\revisão\vetores\3\3.csproj", "{A19830A6-859A-1012-FE6A-F3A1A242B123}"
EndProject
Project("{FAE04EC0-301F-11D3-BF4B-00C04F79EFBC}") = "4", "Exercícios\revisão\vetores\4\4.csproj", "{2AE8FF40-F664-B390-D4AE-3634E5D24C87}"
EndProject
Project("{FAE04EC0-301F-11D3-BF4B-00C04F79EFBC}") = "5", "Exercícios\revisão\vetores\5\5.csproj", "{80771C23-BA7F-00FB-8969-98FCB482FC0C}"
EndProject
Project("{FAE04EC0-301F-11D3-BF4B-00C04F79EFBC}") = "6", "Exercícios\revisão\vetores\6\6.csproj", "{B33C6FB3-FAE8-E2EE-14AF-00510FA9D1A6}"
EndProject
Project("{FAE04EC0-301F-11D3-BF4B-00C04F79EFBC}") = "7", "Exercícios\revisão\vetores\7\7.csproj", "{9A404E97-7FA0-746E-2BE3-1FCEE4E2D9CD}"
EndProject
Project("{FAE04EC0-301F-11D3-BF4B-00C04F79EFBC}") = "8", "Exercícios\revisão\vetores\8\8.csproj", "{9905C98D-5FD9-B10A-2EFD-3F2E8467CAFC}"
EndProject
Project("{FAE04EC0-301F-11D3-BF4B-00C04F79EFBC}") = "9", "Exercícios\revisão\vetores\9\9.csproj", "{910EEB9A-38CE-D597-AB58-18F1923D33F9}"
EndProject
Global
	GlobalSection(SolutionConfigurationPlatforms) = preSolution
		Debug|Any CPU = Debug|Any CPU
		Release|Any CPU = Release|Any CPU
	EndGlobalSection
	GlobalSection(ProjectConfigurationPlatforms) = postSolution
		{FB58127E-877B-600A-7C57-FD293660DE82}.Debug|Any CPU.ActiveCfg = Debug|Any CPU
		{FB58127E-877B-600A-7C57-FD293660DE82}.Debug|Any CPU.Build.0 = Debug|Any CPU
		{FB58127E-877B-600A-7C57-FD293660DE82}.Release|Any CPU.ActiveCfg = Release|Any CPU
		{FB58127E-877B-600A-7C57-FD293660DE82}.Release|Any CPU.Build.0 = Release|Any CPU
		{6C909456-356E-5DD1-EFFF-141CD9605D71}.Debug|Any CPU.ActiveCfg = Debug|Any CPU
		{6C909456-356E-5DD1-EFFF-141CD9605D71}.Debug|Any CPU.Build.0 = Debug|Any CPU
		{6C909456-356E-5DD1-EFFF-141CD9605D71}.Release|Any CPU.ActiveCfg = Release|Any CPU
		{6C909456-356E-5DD1-EFFF-141CD9605D71}.Release|Any CPU.Build.0 = Release|Any CPU
		{D55F4848-AF63-9CC7-0856-F65D3DDEA169}.Debug|Any CPU.ActiveCfg = Debug|Any CPU
		{D55F4848-AF63-9CC7-0856-F65D3DDEA169}.Debug|Any CPU.Build.0 = Debug|Any CPU
		{D55F4848-AF63-9CC7-0856-F65D3DDEA169}.Release|Any CPU.ActiveCfg = Release|Any CPU
		{D55F4848-AF63-9CC7-0856-F65D3DDEA169}.Release|Any CPU.Build.0 = Release|Any CPU
		{8CD689C5-8E38-8101-7CAF-866D08D28583}.Debug|Any CPU.ActiveCfg = Debug|Any CPU
		{8CD689C5-8E38-8101-7CAF-866D08D28583}.Debug|Any CPU.Build.0 = Debug|Any CPU
		{8CD689C5-8E38-8101-7CAF-866D08D28583}.Release|Any CPU.ActiveCfg = Release|Any CPU
		{8CD689C5-8E38-8101-7CAF-866D08D28583}.Release|Any CPU.Build.0 = Release|Any CPU
		{3671D41C-1CA4-AC91-1A4A-58827889EC15}.Debug|Any CPU.ActiveCfg = Debug|Any CPU
		{3671D41C-1CA4-AC91-1A4A-58827889EC15}.Debug|Any CPU.Build.0 = Debug|Any CPU
		{3671D41C-1CA4-AC91-1A4A-58827889EC15}.Release|Any CPU.ActiveCfg = Release|Any CPU
		{3671D41C-1CA4-AC91-1A4A-58827889EC15}.Release|Any CPU.Build.0 = Release|Any CPU
		{CBCBC345-FCBE-3614-B9F4-4BEFB6C7179E}.Debug|Any CPU.ActiveCfg = Debug|Any CPU
		{CBCBC345-FCBE-3614-B9F4-4BEFB6C7179E}.Debug|Any CPU.Build.0 = Debug|Any CPU
		{CBCBC345-FCBE-3614-B9F4-4BEFB6C7179E}.Release|Any CPU.ActiveCfg = Release|Any CPU
		{CBCBC345-FCBE-3614-B9F4-4BEFB6C7179E}.Release|Any CPU.Build.0 = Release|Any CPU
		{EBDA38E4-4B22-CC65-3083-451278E88854}.Debug|Any CPU.ActiveCfg = Debug|Any CPU
		{EBDA38E4-4B22-CC65-3083-451278E88854}.Debug|Any CPU.Build.0 = Debug|Any CPU
		{EBDA38E4-4B22-CC65-3083-451278E88854}.Release|Any CPU.ActiveCfg = Release|Any CPU
		{EBDA38E4-4B22-CC65-3083-451278E88854}.Release|Any CPU.Build.0 = Release|Any CPU
		{51DCDF23-5751-BB25-C8A7-CC30F45E94C6}.Debug|Any CPU.ActiveCfg = Debug|Any CPU
		{51DCDF23-5751-BB25-C8A7-CC30F45E94C6}.Debug|Any CPU.Build.0 = Debug|Any CPU
		{51DCDF23-5751-BB25-C8A7-CC30F45E94C6}.Release|Any CPU.ActiveCfg = Release|Any CPU
		{51DCDF23-5751-BB25-C8A7-CC30F45E94C6}.Release|Any CPU.Build.0 = Release|Any CPU
		{F6CBF183-9929-7F9D-480D-8E52AB38EAB7}.Debug|Any CPU.ActiveCfg = Debug|Any CPU
		{F6CBF183-9929-7F9D-480D-8E52AB38EAB7}.Debug|Any CPU.Build.0 = Debug|Any CPU
		{F6CBF183-9929-7F9D-480D-8E52AB38EAB7}.Release|Any CPU.ActiveCfg = Release|Any CPU
		{F6CBF183-9929-7F9D-480D-8E52AB38EAB7}.Release|Any CPU.Build.0 = Release|Any CPU
		{440D0251-F7CF-1D96-D5F8-96DDA35F82AF}.Debug|Any CPU.ActiveCfg = Debug|Any CPU
		{440D0251-F7CF-1D96-D5F8-96DDA35F82AF}.Debug|Any CPU.Build.0 = Debug|Any CPU
		{440D0251-F7CF-1D96-D5F8-96DDA35F82AF}.Release|Any CPU.ActiveCfg = Release|Any CPU
		{440D0251-F7CF-1D96-D5F8-96DDA35F82AF}.Release|Any CPU.Build.0 = Release|Any CPU
		{9B745AF6-E58A-89CD-52BD-15E76BCE4C58}.Debug|Any CPU.ActiveCfg = Debug|Any CPU
		{9B745AF6-E58A-89CD-52BD-15E76BCE4C58}.Debug|Any CPU.Build.0 = Debug|Any CPU
		{9B745AF6-E58A-89CD-52BD-15E76BCE4C58}.Release|Any CPU.ActiveCfg = Release|Any CPU
		{9B745AF6-E58A-89CD-52BD-15E76BCE4C58}.Release|Any CPU.Build.0 = Release|Any CPU
		{6049E8CC-3BCB-8D90-079A-A8BE68E22A66}.Debug|Any CPU.ActiveCfg = Debug|Any CPU
		{6049E8CC-3BCB-8D90-079A-A8BE68E22A66}.Debug|Any CPU.Build.0 = Debug|Any CPU
		{6049E8CC-3BCB-8D90-079A-A8BE68E22A66}.Release|Any CPU.ActiveCfg = Release|Any CPU
		{6049E8CC-3BCB-8D90-079A-A8BE68E22A66}.Release|Any CPU.Build.0 = Release|Any CPU
		{44F261BF-4357-D991-0A7A-8AC236C4282C}.Debug|Any CPU.ActiveCfg = Debug|Any CPU
		{44F261BF-4357-D991-0A7A-8AC236C4282C}.Debug|Any CPU.Build.0 = Debug|Any CPU
		{44F261BF-4357-D991-0A7A-8AC236C4282C}.Release|Any CPU.ActiveCfg = Release|Any CPU
		{44F261BF-4357-D991-0A7A-8AC236C4282C}.Release|Any CPU.Build.0 = Release|Any CPU
		{B6032573-2D99-F785-7489-BB75ACD78BBE}.Debug|Any CPU.ActiveCfg = Debug|Any CPU
		{B6032573-2D99-F785-7489-BB75ACD78BBE}.Debug|Any CPU.Build.0 = Debug|Any CPU
		{B6032573-2D99-F785-7489-BB75ACD78BBE}.Release|Any CPU.ActiveCfg = Release|Any CPU
		{B6032573-2D99-F785-7489-BB75ACD78BBE}.Release|Any CPU.Build.0 = Release|Any CPU
		{51575EE9-431C-FFD8-7E42-B5E3C2050B41}.Debug|Any CPU.ActiveCfg = Debug|Any CPU
		{51575EE9-431C-FFD8-7E42-B5E3C2050B41}.Debug|Any CPU.Build.0 = Debug|Any CPU
		{51575EE9-431C-FFD8-7E42-B5E3C2050B41}.Release|Any CPU.ActiveCfg = Release|Any CPU
		{51575EE9-431C-FFD8-7E42-B5E3C2050B41}.Release|Any CPU.Build.0 = Release|Any CPU
		{AD676CCD-229A-7EF7-B193-3EE9F3FB6147}.Debug|Any CPU.ActiveCfg = Debug|Any CPU
		{AD676CCD-229A-7EF7-B193-3EE9F3FB6147}.Debug|Any CPU.Build.0 = Debug|Any CPU
		{AD676CCD-229A-7EF7-B193-3EE9F3FB6147}.Release|Any CPU.ActiveCfg = Release|Any CPU
		{AD676CCD-229A-7EF7-B193-3EE9F3FB6147}.Release|Any CPU.Build.0 = Release|Any CPU
		{BBF68686-2C84-43CA-1A58-96D070E36BBA}.Debug|Any CPU.ActiveCfg = Debug|Any CPU
		{BBF68686-2C84-43CA-1A58-96D070E36BBA}.Debug|Any CPU.Build.0 = Debug|Any CPU
		{BBF68686-2C84-43CA-1A58-96D070E36BBA}.Release|Any CPU.ActiveCfg = Release|Any CPU
		{BBF68686-2C84-43CA-1A58-96D070E36BBA}.Release|Any CPU.Build.0 = Release|Any CPU
		{5D138BF5-EB39-1DFE-9A72-05BE032634C8}.Debug|Any CPU.ActiveCfg = Debug|Any CPU
		{5D138BF5-EB39-1DFE-9A72-05BE032634C8}.Debug|Any CPU.Build.0 = Debug|Any CPU
		{5D138BF5-EB39-1DFE-9A72-05BE032634C8}.Release|Any CPU.ActiveCfg = Release|Any CPU
		{5D138BF5-EB39-1DFE-9A72-05BE032634C8}.Release|Any CPU.Build.0 = Release|Any CPU
		{83ABC70A-95EA-C3EE-CA64-78E453CFE011}.Debug|Any CPU.ActiveCfg = Debug|Any CPU
		{83ABC70A-95EA-C3EE-CA64-78E453CFE011}.Debug|Any CPU.Build.0 = Debug|Any CPU
		{83ABC70A-95EA-C3EE-CA64-78E453CFE011}.Release|Any CPU.ActiveCfg = Release|Any CPU
		{83ABC70A-95EA-C3EE-CA64-78E453CFE011}.Release|Any CPU.Build.0 = Release|Any CPU
		{8297BBAB-F613-431C-9748-48B5EADB0AB2}.Debug|Any CPU.ActiveCfg = Debug|Any CPU
		{8297BBAB-F613-431C-9748-48B5EADB0AB2}.Debug|Any CPU.Build.0 = Debug|Any CPU
		{8297BBAB-F613-431C-9748-48B5EADB0AB2}.Release|Any CPU.ActiveCfg = Release|Any CPU
		{8297BBAB-F613-431C-9748-48B5EADB0AB2}.Release|Any CPU.Build.0 = Release|Any CPU
		{A19830A6-859A-1012-FE6A-F3A1A242B123}.Debug|Any CPU.ActiveCfg = Debug|Any CPU
		{A19830A6-859A-1012-FE6A-F3A1A242B123}.Debug|Any CPU.Build.0 = Debug|Any CPU
		{A19830A6-859A-1012-FE6A-F3A1A242B123}.Release|Any CPU.ActiveCfg = Release|Any CPU
		{A19830A6-859A-1012-FE6A-F3A1A242B123}.Release|Any CPU.Build.0 = Release|Any CPU
		{2AE8FF40-F664-B390-D4AE-3634E5D24C87}.Debug|Any CPU.ActiveCfg = Debug|Any CPU
		{2AE8FF40-F664-B390-D4AE-3634E5D24C87}.Debug|Any CPU.Build.0 = Debug|Any CPU
		{2AE8FF40-F664-B390-D4AE-3634E5D24C87}.Release|Any CPU.ActiveCfg = Release|Any CPU
		{2AE8FF40-F664-B390-D4AE-3634E5D24C87}.Release|Any CPU.Build.0 = Release|Any CPU
		{80771C23-BA7F-00FB-8969-98FCB482FC0C}.Debug|Any CPU.ActiveCfg = Debug|Any CPU
		{80771C23-BA7F-00FB-8969-98FCB482FC0C}.Debug|Any CPU.Build.0 = Debug|Any CPU
		{80771C23-BA7F-00FB-8969-98FCB482FC0C}.Release|Any CPU.ActiveCfg = Release|Any CPU
		{80771C23-BA7F-00FB-8969-98FCB482FC0C}.Release|Any CPU.Build.0 = Release|Any CPU
		{B33C6FB3-FAE8-E2EE-14AF-00510FA9D1A6}.Debug|Any CPU.ActiveCfg = Debug|Any CPU
		{B33C6FB3-FAE8-E2EE-14AF-00510FA9D1A6}.Debug|Any CPU.Build.0 = Debug|Any CPU
		{B33C6FB3-FAE8-E2EE-14AF-00510FA9D1A6}.Release|Any CPU.ActiveCfg = Release|Any CPU
		{B33C6FB3-FAE8-E2EE-14AF-00510FA9D1A6}.Release|Any CPU.Build.0 = Release|Any CPU
		{9A404E97-7FA0-746E-2BE3-1FCEE4E2D9CD}.Debug|Any CPU.ActiveCfg = Debug|Any CPU
		{9A404E97-7FA0-746E-2BE3-1FCEE4E2D9CD}.Debug|Any CPU.Build.0 = Debug|Any CPU
		{9A404E97-7FA0-746E-2BE3-1FCEE4E2D9CD}.Release|Any CPU.ActiveCfg = Release|Any CPU
		{9A404E97-7FA0-746E-2BE3-1FCEE4E2D9CD}.Release|Any CPU.Build.0 = Release|Any CPU
		{9905C98D-5FD9-B10A-2EFD-3F2E8467CAFC}.Debug|Any CPU.ActiveCfg = Debug|Any CPU
		{9905C98D-5FD9-B10A-2EFD-3F2E8467CAFC}.Debug|Any CPU.Build.0 = Debug|Any CPU
		{9905C98D-5FD9-B10A-2EFD-3F2E8467CAFC}.Release|Any CPU.ActiveCfg = Release|Any CPU
		{9905C98D-5FD9-B10A-2EFD-3F2E8467CAFC}.Release|Any CPU.Build.0 = Release|Any CPU
		{910EEB9A-38CE-D597-AB58-18F1923D33F9}.Debug|Any CPU.ActiveCfg = Debug|Any CPU
		{910EEB9A-38CE-D597-AB58-18F1923D33F9}.Debug|Any CPU.Build.0 = Debug|Any CPU
		{910EEB9A-38CE-D597-AB58-18F1923D33F9}.Release|Any CPU.ActiveCfg = Release|Any CPU
		{910EEB9A-38CE-D597-AB58-18F1923D33F9}.Release|Any CPU.Build.0 = Release|Any CPU
	EndGlobalSection
	GlobalSection(SolutionProperties) = preSolution
		HideSolutionNode = FALSE
	EndGlobalSection
	GlobalSection(NestedProjects) = preSolution
		{FB58127E-877B-600A-7C57-FD293660DE82} = {4FECCC84-D217-E75D-91E1-4C260E7F63EA}
		{6C909456-356E-5DD1-EFFF-141CD9605D71} = {4FECCC84-D217-E75D-91E1-4C260E7F63EA}
		{D55F4848-AF63-9CC7-0856-F65D3DDEA169} = {4FECCC84-D217-E75D-91E1-4C260E7F63EA}
		{8CD689C5-8E38-8101-7CAF-866D08D28583} = {4FECCC84-D217-E75D-91E1-4C260E7F63EA}
		{3671D41C-1CA4-AC91-1A4A-58827889EC15} = {4FECCC84-D217-E75D-91E1-4C260E7F63EA}
		{CBCBC345-FCBE-3614-B9F4-4BEFB6C7179E} = {4FECCC84-D217-E75D-91E1-4C260E7F63EA}
		{EBDA38E4-4B22-CC65-3083-451278E88854} = {CA019F14-7EA1-782F-C59A-05D5B3648440}
		{51DCDF23-5751-BB25-C8A7-CC30F45E94C6} = {CA019F14-7EA1-782F-C59A-05D5B3648440}
		{F6CBF183-9929-7F9D-480D-8E52AB38EAB7} = {CA019F14-7EA1-782F-C59A-05D5B3648440}
		{440D0251-F7CF-1D96-D5F8-96DDA35F82AF} = {CA019F14-7EA1-782F-C59A-05D5B3648440}
		{9B745AF6-E58A-89CD-52BD-15E76BCE4C58} = {CA019F14-7EA1-782F-C59A-05D5B3648440}
		{624F97E3-320F-3CCA-E030-F3B5C1B76C34} = {DDD6F0DA-B457-3620-0E24-CE6CDF826227}
		{5864170A-28B2-637D-A83F-FFDB0513A74C} = {624F97E3-320F-3CCA-E030-F3B5C1B76C34}
		{6049E8CC-3BCB-8D90-079A-A8BE68E22A66} = {5864170A-28B2-637D-A83F-FFDB0513A74C}
		{44F261BF-4357-D991-0A7A-8AC236C4282C} = {5864170A-28B2-637D-A83F-FFDB0513A74C}
		{B6032573-2D99-F785-7489-BB75ACD78BBE} = {5864170A-28B2-637D-A83F-FFDB0513A74C}
		{51575EE9-431C-FFD8-7E42-B5E3C2050B41} = {5864170A-28B2-637D-A83F-FFDB0513A74C}
		{AD676CCD-229A-7EF7-B193-3EE9F3FB6147} = {5864170A-28B2-637D-A83F-FFDB0513A74C}
		{BBF68686-2C84-43CA-1A58-96D070E36BBA} = {5864170A-28B2-637D-A83F-FFDB0513A74C}
		{5D138BF5-EB39-1DFE-9A72-05BE032634C8} = {5864170A-28B2-637D-A83F-FFDB0513A74C}
		{9ECE2F26-5E38-2737-4B16-05B256AAF376} = {624F97E3-320F-3CCA-E030-F3B5C1B76C34}
		{83ABC70A-95EA-C3EE-CA64-78E453CFE011} = {9ECE2F26-5E38-2737-4B16-05B256AAF376}
		{8297BBAB-F613-431C-9748-48B5EADB0AB2} = {9ECE2F26-5E38-2737-4B16-05B256AAF376}
		{A19830A6-859A-1012-FE6A-F3A1A242B123} = {9ECE2F26-5E38-2737-4B16-05B256AAF376}
		{2AE8FF40-F664-B390-D4AE-3634E5D24C87} = {9ECE2F26-5E38-2737-4B16-05B256AAF376}
		{80771C23-BA7F-00FB-8969-98FCB482FC0C} = {9ECE2F26-5E38-2737-4B16-05B256AAF376}
		{B33C6FB3-FAE8-E2EE-14AF-00510FA9D1A6} = {9ECE2F26-5E38-2737-4B16-05B256AAF376}
		{9A404E97-7FA0-746E-2BE3-1FCEE4E2D9CD} = {9ECE2F26-5E38-2737-4B16-05B256AAF376}
		{9905C98D-5FD9-B10A-2EFD-3F2E8467CAFC} = {9ECE2F26-5E38-2737-4B16-05B256AAF376}
		{910EEB9A-38CE-D597-AB58-18F1923D33F9} = {9ECE2F26-5E38-2737-4B16-05B256AAF376}
	EndGlobalSection
	GlobalSection(ExtensibilityGlobals) = postSolution
		SolutionGuid = {D023B404-81D7-49F1-99A1-05A837F5A08C}
	EndGlobalSection
EndGlobal
